
Microsoft Visual Studio Solution File, Format Version 12.00
# Visual Studio 2017
Project("{FAE04EC0-301F-11D3-BF4B-00C04F79EFBC}") = "mmJam2018", "mmJam2018.csproj", "{9F029F9D-3D8C-79B7-C36D-BF56E51134A2}"
EndProject
Project("{FAE04EC0-301F-11D3-BF4B-00C04F79EFBC}") = "Unity.TextMeshPro", "Unity.TextMeshPro.csproj", "{07A21C90-D344-AE1A-8456-9910C203B41A}"
EndProject
Project("{FAE04EC0-301F-11D3-BF4B-00C04F79EFBC}") = "mmJam2018.Plugins", "mmJam2018.Plugins.csproj", "{0ACB2CDD-FB8D-ECB8-D191-86B4CD94E031}"
EndProject
Project("{FAE04EC0-301F-11D3-BF4B-00C04F79EFBC}") = "Unity.Analytics.DataPrivacy", "Unity.Analytics.DataPrivacy.csproj", "{D6E266C6-3D1F-28C8-9FEB-2A01E44DBF77}"
EndProject
Project("{FAE04EC0-301F-11D3-BF4B-00C04F79EFBC}") = "Unity.TextMeshPro.Tests", "Unity.TextMeshPro.Tests.csproj", "{07C661DA-9637-9C44-45BC-D096474653FE}"
EndProject
Project("{FAE04EC0-301F-11D3-BF4B-00C04F79EFBC}") = "Unity.Analytics.DataPrivacy.Tests", "Unity.Analytics.DataPrivacy.Tests.csproj", "{CC8ECF5C-B5E3-934C-97B8-8651AA73C6ED}"
EndProject
Project("{FAE04EC0-301F-11D3-BF4B-00C04F79EFBC}") = "Unity.PackageManagerUI.EditorTests", "Unity.PackageManagerUI.EditorTests.csproj", "{A43A341D-A2D6-C4A6-E40E-D6492F691547}"
EndProject
Project("{FAE04EC0-301F-11D3-BF4B-00C04F79EFBC}") = "Unity.PackageManagerUI.Editor", "Unity.PackageManagerUI.Editor.csproj", "{6877705C-FBD9-0C4F-5AFB-6FB431E5D39D}"
EndProject
Project("{FAE04EC0-301F-11D3-BF4B-00C04F79EFBC}") = "mmJam2018.Editor.Plugins", "mmJam2018.Editor.Plugins.csproj", "{34A340D7-83DE-6502-3513-2AF5D69D5FA5}"
EndProject
Project("{FAE04EC0-301F-11D3-BF4B-00C04F79EFBC}") = "Unity.TextMeshPro.Editor", "Unity.TextMeshPro.Editor.csproj", "{3A848AB7-9891-EDDA-D555-BF184C2F81F4}"
EndProject
Project("{FAE04EC0-301F-11D3-BF4B-00C04F79EFBC}") = "Unity.CollabProxy.Editor", "Unity.CollabProxy.Editor.csproj", "{C12CEEC6-100C-58A2-DE36-314E4DE5E40B}"
EndProject
Project("{FAE04EC0-301F-11D3-BF4B-00C04F79EFBC}") = "Unity.Analytics.StandardEvents.EditorTests", "Unity.Analytics.StandardEvents.EditorTests.csproj", "{E5FEC4AF-99CE-2294-3902-3884F8905C7E}"
EndProject
Project("{FAE04EC0-301F-11D3-BF4B-00C04F79EFBC}") = "mmJam2018.Editor", "mmJam2018.Editor.csproj", "{E046F49E-FC2C-9B43-FCBB-BEDDB38CC2E9}"
EndProject
Project("{FAE04EC0-301F-11D3-BF4B-00C04F79EFBC}") = "Unity.TextMeshPro.Editor.Tests", "Unity.TextMeshPro.Editor.Tests.csproj", "{9EEB8295-7A26-A7C5-DFAD-4606BABFD38A}"
EndProject
Project("{FAE04EC0-301F-11D3-BF4B-00C04F79EFBC}") = "Unity.CollabProxy.EditorTests", "Unity.CollabProxy.EditorTests.csproj", "{21762EF6-8A50-5784-BD8D-263CB440997A}"
EndProject
Global
	GlobalSection(SolutionConfigurationPlatforms) = preSolution
		Debug|Any CPU = Debug|Any CPU
		Release|Any CPU = Release|Any CPU
	EndGlobalSection
	GlobalSection(ProjectConfigurationPlatforms) = postSolution
		{9F029F9D-3D8C-79B7-C36D-BF56E51134A2}.Debug|Any CPU.ActiveCfg = Debug|Any CPU
		{9F029F9D-3D8C-79B7-C36D-BF56E51134A2}.Debug|Any CPU.Build.0 = Debug|Any CPU
		{9F029F9D-3D8C-79B7-C36D-BF56E51134A2}.Release|Any CPU.ActiveCfg = Release|Any CPU
		{9F029F9D-3D8C-79B7-C36D-BF56E51134A2}.Release|Any CPU.Build.0 = Release|Any CPU
		{07A21C90-D344-AE1A-8456-9910C203B41A}.Debug|Any CPU.ActiveCfg = Debug|Any CPU
		{07A21C90-D344-AE1A-8456-9910C203B41A}.Debug|Any CPU.Build.0 = Debug|Any CPU
		{07A21C90-D344-AE1A-8456-9910C203B41A}.Release|Any CPU.ActiveCfg = Release|Any CPU
		{07A21C90-D344-AE1A-8456-9910C203B41A}.Release|Any CPU.Build.0 = Release|Any CPU
		{0ACB2CDD-FB8D-ECB8-D191-86B4CD94E031}.Debug|Any CPU.ActiveCfg = Debug|Any CPU
		{0ACB2CDD-FB8D-ECB8-D191-86B4CD94E031}.Debug|Any CPU.Build.0 = Debug|Any CPU
		{0ACB2CDD-FB8D-ECB8-D191-86B4CD94E031}.Release|Any CPU.ActiveCfg = Release|Any CPU
		{0ACB2CDD-FB8D-ECB8-D191-86B4CD94E031}.Release|Any CPU.Build.0 = Release|Any CPU
		{D6E266C6-3D1F-28C8-9FEB-2A01E44DBF77}.Debug|Any CPU.ActiveCfg = Debug|Any CPU
		{D6E266C6-3D1F-28C8-9FEB-2A01E44DBF77}.Debug|Any CPU.Build.0 = Debug|Any CPU
		{D6E266C6-3D1F-28C8-9FEB-2A01E44DBF77}.Release|Any CPU.ActiveCfg = Release|Any CPU
		{D6E266C6-3D1F-28C8-9FEB-2A01E44DBF77}.Release|Any CPU.Build.0 = Release|Any CPU
		{07C661DA-9637-9C44-45BC-D096474653FE}.Debug|Any CPU.ActiveCfg = Debug|Any CPU
		{07C661DA-9637-9C44-45BC-D096474653FE}.Debug|Any CPU.Build.0 = Debug|Any CPU
		{07C661DA-9637-9C44-45BC-D096474653FE}.Release|Any CPU.ActiveCfg = Release|Any CPU
		{07C661DA-9637-9C44-45BC-D096474653FE}.Release|Any CPU.Build.0 = Release|Any CPU
		{CC8ECF5C-B5E3-934C-97B8-8651AA73C6ED}.Debug|Any CPU.ActiveCfg = Debug|Any CPU
		{CC8ECF5C-B5E3-934C-97B8-8651AA73C6ED}.Debug|Any CPU.Build.0 = Debug|Any CPU
		{CC8ECF5C-B5E3-934C-97B8-8651AA73C6ED}.Release|Any CPU.ActiveCfg = Release|Any CPU
		{CC8ECF5C-B5E3-934C-97B8-8651AA73C6ED}.Release|Any CPU.Build.0 = Release|Any CPU
		{A43A341D-A2D6-C4A6-E40E-D6492F691547}.Debug|Any CPU.ActiveCfg = Debug|Any CPU
		{A43A341D-A2D6-C4A6-E40E-D6492F691547}.Debug|Any CPU.Build.0 = Debug|Any CPU
		{A43A341D-A2D6-C4A6-E40E-D6492F691547}.Release|Any CPU.ActiveCfg = Release|Any CPU
		{A43A341D-A2D6-C4A6-E40E-D6492F691547}.Release|Any CPU.Build.0 = Release|Any CPU
		{6877705C-FBD9-0C4F-5AFB-6FB431E5D39D}.Debug|Any CPU.ActiveCfg = Debug|Any CPU
		{6877705C-FBD9-0C4F-5AFB-6FB431E5D39D}.Debug|Any CPU.Build.0 = Debug|Any CPU
		{6877705C-FBD9-0C4F-5AFB-6FB431E5D39D}.Release|Any CPU.ActiveCfg = Release|Any CPU
		{6877705C-FBD9-0C4F-5AFB-6FB431E5D39D}.Release|Any CPU.Build.0 = Release|Any CPU
		{34A340D7-83DE-6502-3513-2AF5D69D5FA5}.Debug|Any CPU.ActiveCfg = Debug|Any CPU
		{34A340D7-83DE-6502-3513-2AF5D69D5FA5}.Debug|Any CPU.Build.0 = Debug|Any CPU
		{34A340D7-83DE-6502-3513-2AF5D69D5FA5}.Release|Any CPU.ActiveCfg = Release|Any CPU
		{34A340D7-83DE-6502-3513-2AF5D69D5FA5}.Release|Any CPU.Build.0 = Release|Any CPU
		{3A848AB7-9891-EDDA-D555-BF184C2F81F4}.Debug|Any CPU.ActiveCfg = Debug|Any CPU
		{3A848AB7-9891-EDDA-D555-BF184C2F81F4}.Debug|Any CPU.Build.0 = Debug|Any CPU
		{3A848AB7-9891-EDDA-D555-BF184C2F81F4}.Release|Any CPU.ActiveCfg = Release|Any CPU
		{3A848AB7-9891-EDDA-D555-BF184C2F81F4}.Release|Any CPU.Build.0 = Release|Any CPU
		{C12CEEC6-100C-58A2-DE36-314E4DE5E40B}.Debug|Any CPU.ActiveCfg = Debug|Any CPU
		{C12CEEC6-100C-58A2-DE36-314E4DE5E40B}.Debug|Any CPU.Build.0 = Debug|Any CPU
		{C12CEEC6-100C-58A2-DE36-314E4DE5E40B}.Release|Any CPU.ActiveCfg = Release|Any CPU
		{C12CEEC6-100C-58A2-DE36-314E4DE5E40B}.Release|Any CPU.Build.0 = Release|Any CPU
		{E5FEC4AF-99CE-2294-3902-3884F8905C7E}.Debug|Any CPU.ActiveCfg = Debug|Any CPU
		{E5FEC4AF-99CE-2294-3902-3884F8905C7E}.Debug|Any CPU.Build.0 = Debug|Any CPU
		{E5FEC4AF-99CE-2294-3902-3884F8905C7E}.Release|Any CPU.ActiveCfg = Release|Any CPU
		{E5FEC4AF-99CE-2294-3902-3884F8905C7E}.Release|Any CPU.Build.0 = Release|Any CPU
		{E046F49E-FC2C-9B43-FCBB-BEDDB38CC2E9}.Debug|Any CPU.ActiveCfg = Debug|Any CPU
		{E046F49E-FC2C-9B43-FCBB-BEDDB38CC2E9}.Debug|Any CPU.Build.0 = Debug|Any CPU
		{E046F49E-FC2C-9B43-FCBB-BEDDB38CC2E9}.Release|Any CPU.ActiveCfg = Release|Any CPU
		{E046F49E-FC2C-9B43-FCBB-BEDDB38CC2E9}.Release|Any CPU.Build.0 = Release|Any CPU
		{9EEB8295-7A26-A7C5-DFAD-4606BABFD38A}.Debug|Any CPU.ActiveCfg = Debug|Any CPU
		{9EEB8295-7A26-A7C5-DFAD-4606BABFD38A}.Debug|Any CPU.Build.0 = Debug|Any CPU
		{9EEB8295-7A26-A7C5-DFAD-4606BABFD38A}.Release|Any CPU.ActiveCfg = Release|Any CPU
		{9EEB8295-7A26-A7C5-DFAD-4606BABFD38A}.Release|Any CPU.Build.0 = Release|Any CPU
		{21762EF6-8A50-5784-BD8D-263CB440997A}.Debug|Any CPU.ActiveCfg = Debug|Any CPU
		{21762EF6-8A50-5784-BD8D-263CB440997A}.Debug|Any CPU.Build.0 = Debug|Any CPU
		{21762EF6-8A50-5784-BD8D-263CB440997A}.Release|Any CPU.ActiveCfg = Release|Any CPU
		{21762EF6-8A50-5784-BD8D-263CB440997A}.Release|Any CPU.Build.0 = Release|Any CPU
	EndGlobalSection
	GlobalSection(SolutionProperties) = preSolution
		HideSolutionNode = FALSE
	EndGlobalSection
EndGlobal
