
Microsoft Visual Studio Solution File, Format Version 12.00
# Visual Studio 2017
Project("{FAE04EC0-301F-11D3-BF4B-00C04F79EFBC}") = "mmJam2018", "mmJam2018.csproj", "{9F029F9D-3D8C-79B7-C36D-BF56E51134A2}"
EndProject
Project("{FAE04EC0-301F-11D3-BF4B-00C04F79EFBC}") = "mmJam2018.Plugins", "mmJam2018.Plugins.csproj", "{0ACB2CDD-FB8D-ECB8-D191-86B4CD94E031}"
EndProject
Project("{FAE04EC0-301F-11D3-BF4B-00C04F79EFBC}") = "Unity.PackageManagerUI.Editor", "Unity.PackageManagerUI.Editor.csproj", "{6877705C-FBD9-0C4F-5AFB-6FB431E5D39D}"
EndProject
Project("{FAE04EC0-301F-11D3-BF4B-00C04F79EFBC}") = "mmJam2018.Editor.Plugins", "mmJam2018.Editor.Plugins.csproj", "{34A340D7-83DE-6502-3513-2AF5D69D5FA5}"
EndProject
Project("{FAE04EC0-301F-11D3-BF4B-00C04F79EFBC}") = "UnityEditor.StandardEvents", "UnityEditor.StandardEvents.csproj", "{6800202F-4402-D405-F8CB-03DC7BD78B92}"
EndProject
Project("{FAE04EC0-301F-11D3-BF4B-00C04F79EFBC}") = "mmJam2018.Editor", "mmJam2018.Editor.csproj", "{E046F49E-FC2C-9B43-FCBB-BEDDB38CC2E9}"
EndProject
Global
	GlobalSection(SolutionConfigurationPlatforms) = preSolution
		Debug|Any CPU = Debug|Any CPU
		Release|Any CPU = Release|Any CPU
	EndGlobalSection
	GlobalSection(ProjectConfigurationPlatforms) = postSolution
		{9F029F9D-3D8C-79B7-C36D-BF56E51134A2}.Debug|Any CPU.ActiveCfg = Debug|Any CPU
		{9F029F9D-3D8C-79B7-C36D-BF56E51134A2}.Debug|Any CPU.Build.0 = Debug|Any CPU
		{9F029F9D-3D8C-79B7-C36D-BF56E51134A2}.Release|Any CPU.ActiveCfg = Release|Any CPU
		{9F029F9D-3D8C-79B7-C36D-BF56E51134A2}.Release|Any CPU.Build.0 = Release|Any CPU
		{0ACB2CDD-FB8D-ECB8-D191-86B4CD94E031}.Debug|Any CPU.ActiveCfg = Debug|Any CPU
		{0ACB2CDD-FB8D-ECB8-D191-86B4CD94E031}.Debug|Any CPU.Build.0 = Debug|Any CPU
		{0ACB2CDD-FB8D-ECB8-D191-86B4CD94E031}.Release|Any CPU.ActiveCfg = Release|Any CPU
		{0ACB2CDD-FB8D-ECB8-D191-86B4CD94E031}.Release|Any CPU.Build.0 = Release|Any CPU
		{6877705C-FBD9-0C4F-5AFB-6FB431E5D39D}.Debug|Any CPU.ActiveCfg = Debug|Any CPU
		{6877705C-FBD9-0C4F-5AFB-6FB431E5D39D}.Debug|Any CPU.Build.0 = Debug|Any CPU
		{6877705C-FBD9-0C4F-5AFB-6FB431E5D39D}.Release|Any CPU.ActiveCfg = Release|Any CPU
		{6877705C-FBD9-0C4F-5AFB-6FB431E5D39D}.Release|Any CPU.Build.0 = Release|Any CPU
		{34A340D7-83DE-6502-3513-2AF5D69D5FA5}.Debug|Any CPU.ActiveCfg = Debug|Any CPU
		{34A340D7-83DE-6502-3513-2AF5D69D5FA5}.Debug|Any CPU.Build.0 = Debug|Any CPU
		{34A340D7-83DE-6502-3513-2AF5D69D5FA5}.Release|Any CPU.ActiveCfg = Release|Any CPU
		{34A340D7-83DE-6502-3513-2AF5D69D5FA5}.Release|Any CPU.Build.0 = Release|Any CPU
		{6800202F-4402-D405-F8CB-03DC7BD78B92}.Debug|Any CPU.ActiveCfg = Debug|Any CPU
		{6800202F-4402-D405-F8CB-03DC7BD78B92}.Debug|Any CPU.Build.0 = Debug|Any CPU
		{6800202F-4402-D405-F8CB-03DC7BD78B92}.Release|Any CPU.ActiveCfg = Release|Any CPU
		{6800202F-4402-D405-F8CB-03DC7BD78B92}.Release|Any CPU.Build.0 = Release|Any CPU
		{E046F49E-FC2C-9B43-FCBB-BEDDB38CC2E9}.Debug|Any CPU.ActiveCfg = Debug|Any CPU
		{E046F49E-FC2C-9B43-FCBB-BEDDB38CC2E9}.Debug|Any CPU.Build.0 = Debug|Any CPU
		{E046F49E-FC2C-9B43-FCBB-BEDDB38CC2E9}.Release|Any CPU.ActiveCfg = Release|Any CPU
		{E046F49E-FC2C-9B43-FCBB-BEDDB38CC2E9}.Release|Any CPU.Build.0 = Release|Any CPU
	EndGlobalSection
	GlobalSection(SolutionProperties) = preSolution
		HideSolutionNode = FALSE
	EndGlobalSection
EndGlobal
